
Microsoft Visual Studio Solution File, Format Version 12.00
# Visual Studio Version 16
VisualStudioVersion = 16.0.31729.503
MinimumVisualStudioVersion = 10.0.40219.1
Project("{9A19103F-16F7-4668-BE54-9A1E7A4F7556}") = "Documentation", "Documentation\Documentation.csproj", "{DD14FD2D-ADD3-404F-8C02-A51F11B6FF8F}"
EndProject
Project("{9A19103F-16F7-4668-BE54-9A1E7A4F7556}") = "Documentation.Tests", "Documentation.Tests\Documentation.Tests.csproj", "{6FA3EEF0-D1A2-4DB8-9AA8-79163A31AB24}"
EndProject
Global
	GlobalSection(SolutionConfigurationPlatforms) = preSolution
		Debug|Any CPU = Debug|Any CPU
		Release|Any CPU = Release|Any CPU
	EndGlobalSection
	GlobalSection(ProjectConfigurationPlatforms) = postSolution
		{DD14FD2D-ADD3-404F-8C02-A51F11B6FF8F}.Debug|Any CPU.ActiveCfg = Debug|Any CPU
		{DD14FD2D-ADD3-404F-8C02-A51F11B6FF8F}.Debug|Any CPU.Build.0 = Debug|Any CPU
		{DD14FD2D-ADD3-404F-8C02-A51F11B6FF8F}.Release|Any CPU.ActiveCfg = Release|Any CPU
		{DD14FD2D-ADD3-404F-8C02-A51F11B6FF8F}.Release|Any CPU.Build.0 = Release|Any CPU
		{6FA3EEF0-D1A2-4DB8-9AA8-79163A31AB24}.Debug|Any CPU.ActiveCfg = Debug|Any CPU
		{6FA3EEF0-D1A2-4DB8-9AA8-79163A31AB24}.Debug|Any CPU.Build.0 = Debug|Any CPU
		{6FA3EEF0-D1A2-4DB8-9AA8-79163A31AB24}.Release|Any CPU.ActiveCfg = Release|Any CPU
		{6FA3EEF0-D1A2-4DB8-9AA8-79163A31AB24}.Release|Any CPU.Build.0 = Release|Any CPU
	EndGlobalSection
	GlobalSection(SolutionProperties) = preSolution
		HideSolutionNode = FALSE
	EndGlobalSection
	GlobalSection(ExtensibilityGlobals) = postSolution
		SolutionGuid = {2F69394B-D23A-4F00-AC46-0A1A5A833AEA}
	EndGlobalSection
EndGlobal
